// !$*UTF8*$!
{
	archiveVersion = 1;
	classes = {
	};
	objectVersion = 51;
	objects = {

/* Begin PBXBuildFile section */
		048B591D2684CE75001A0A71 /* AppDelegate.swift in Sources */ = {isa = PBXBuildFile; fileRef = 048B591C2684CE75001A0A71 /* AppDelegate.swift */; };
		048B591F2684CE75001A0A71 /* SceneDelegate.swift in Sources */ = {isa = PBXBuildFile; fileRef = 048B591E2684CE75001A0A71 /* SceneDelegate.swift */; };
		048B59212684CE75001A0A71 /* ViewController.swift in Sources */ = {isa = PBXBuildFile; fileRef = 048B59202684CE75001A0A71 /* ViewController.swift */; };
		048B59242684CE75001A0A71 /* Main.storyboard in Resources */ = {isa = PBXBuildFile; fileRef = 048B59222684CE75001A0A71 /* Main.storyboard */; };
		048B59262684CE79001A0A71 /* Assets.xcassets in Resources */ = {isa = PBXBuildFile; fileRef = 048B59252684CE79001A0A71 /* Assets.xcassets */; };
		048B59292684CE79001A0A71 /* LaunchScreen.storyboard in Resources */ = {isa = PBXBuildFile; fileRef = 048B59272684CE79001A0A71 /* LaunchScreen.storyboard */; };
		048B59362684D108001A0A71 /* HomeViewController.swift in Sources */ = {isa = PBXBuildFile; fileRef = 048B59352684D108001A0A71 /* HomeViewController.swift */; };
		048B593B2684DD4F001A0A71 /* PopularCollectionViewCell.swift in Sources */ = {isa = PBXBuildFile; fileRef = 048B59392684DD4F001A0A71 /* PopularCollectionViewCell.swift */; };
		048B593C2684DD4F001A0A71 /* PopularCollectionViewCell.xib in Resources */ = {isa = PBXBuildFile; fileRef = 048B593A2684DD4F001A0A71 /* PopularCollectionViewCell.xib */; };
		048B59442684E695001A0A71 /* MovieModel.swift in Sources */ = {isa = PBXBuildFile; fileRef = 048B59432684E695001A0A71 /* MovieModel.swift */; };
		048B59482684EB48001A0A71 /* DataService.swift in Sources */ = {isa = PBXBuildFile; fileRef = 048B59472684EB48001A0A71 /* DataService.swift */; };
		048B59512684ECCF001A0A71 /* ApiConstants.swift in Sources */ = {isa = PBXBuildFile; fileRef = 048B59502684ECCF001A0A71 /* ApiConstants.swift */; };
		048B59552684ED8B001A0A71 /* MovieDataViewModel.swift in Sources */ = {isa = PBXBuildFile; fileRef = 048B59542684ED8B001A0A71 /* MovieDataViewModel.swift */; };
		048B59632684F36B001A0A71 /* PopularModel.swift in Sources */ = {isa = PBXBuildFile; fileRef = 048B59622684F36B001A0A71 /* PopularModel.swift */; };
		048B597326850ED5001A0A71 /* NSCache+Extensions.swift in Sources */ = {isa = PBXBuildFile; fileRef = 048B597226850ED5001A0A71 /* NSCache+Extensions.swift */; };
		D33968A5CCD6B5A677241CC9 /* Pods_MovieFlixApps.framework in Frameworks */ = {isa = PBXBuildFile; fileRef = A25B2489F3C3E62269E4F127 /* Pods_MovieFlixApps.framework */; };
/* End PBXBuildFile section */

/* Begin PBXFileReference section */
		048B59192684CE75001A0A71 /* MovieFlixApps.app */ = {isa = PBXFileReference; explicitFileType = wrapper.application; includeInIndex = 0; path = MovieFlixApps.app; sourceTree = BUILT_PRODUCTS_DIR; };
		048B591C2684CE75001A0A71 /* AppDelegate.swift */ = {isa = PBXFileReference; lastKnownFileType = sourcecode.swift; path = AppDelegate.swift; sourceTree = "<group>"; };
		048B591E2684CE75001A0A71 /* SceneDelegate.swift */ = {isa = PBXFileReference; lastKnownFileType = sourcecode.swift; path = SceneDelegate.swift; sourceTree = "<group>"; };
		048B59202684CE75001A0A71 /* ViewController.swift */ = {isa = PBXFileReference; lastKnownFileType = sourcecode.swift; path = ViewController.swift; sourceTree = "<group>"; };
		048B59232684CE75001A0A71 /* Base */ = {isa = PBXFileReference; lastKnownFileType = file.storyboard; name = Base; path = Base.lproj/Main.storyboard; sourceTree = "<group>"; };
		048B59252684CE79001A0A71 /* Assets.xcassets */ = {isa = PBXFileReference; lastKnownFileType = folder.assetcatalog; path = Assets.xcassets; sourceTree = "<group>"; };
		048B59282684CE79001A0A71 /* Base */ = {isa = PBXFileReference; lastKnownFileType = file.storyboard; name = Base; path = Base.lproj/LaunchScreen.storyboard; sourceTree = "<group>"; };
		048B592A2684CE79001A0A71 /* Info.plist */ = {isa = PBXFileReference; lastKnownFileType = text.plist.xml; path = Info.plist; sourceTree = "<group>"; };
		048B59352684D108001A0A71 /* HomeViewController.swift */ = {isa = PBXFileReference; lastKnownFileType = sourcecode.swift; path = HomeViewController.swift; sourceTree = "<group>"; };
		048B59392684DD4F001A0A71 /* PopularCollectionViewCell.swift */ = {isa = PBXFileReference; lastKnownFileType = sourcecode.swift; path = PopularCollectionViewCell.swift; sourceTree = "<group>"; };
		048B593A2684DD4F001A0A71 /* PopularCollectionViewCell.xib */ = {isa = PBXFileReference; lastKnownFileType = file.xib; path = PopularCollectionViewCell.xib; sourceTree = "<group>"; };
		048B59432684E695001A0A71 /* MovieModel.swift */ = {isa = PBXFileReference; lastKnownFileType = sourcecode.swift; path = MovieModel.swift; sourceTree = "<group>"; };
		048B59472684EB48001A0A71 /* DataService.swift */ = {isa = PBXFileReference; lastKnownFileType = sourcecode.swift; path = DataService.swift; sourceTree = "<group>"; };
		048B59502684ECCF001A0A71 /* ApiConstants.swift */ = {isa = PBXFileReference; lastKnownFileType = sourcecode.swift; path = ApiConstants.swift; sourceTree = "<group>"; };
		048B59542684ED8B001A0A71 /* MovieDataViewModel.swift */ = {isa = PBXFileReference; lastKnownFileType = sourcecode.swift; path = MovieDataViewModel.swift; sourceTree = "<group>"; };
		048B59622684F36B001A0A71 /* PopularModel.swift */ = {isa = PBXFileReference; lastKnownFileType = sourcecode.swift; path = PopularModel.swift; sourceTree = "<group>"; };
		048B597226850ED5001A0A71 /* NSCache+Extensions.swift */ = {isa = PBXFileReference; lastKnownFileType = sourcecode.swift; path = "NSCache+Extensions.swift"; sourceTree = "<group>"; };
		A25B2489F3C3E62269E4F127 /* Pods_MovieFlixApps.framework */ = {isa = PBXFileReference; explicitFileType = wrapper.framework; includeInIndex = 0; path = Pods_MovieFlixApps.framework; sourceTree = BUILT_PRODUCTS_DIR; };
		BE6F613F9A9B7F5A3A69A980 /* Pods-MovieFlixApps.release.xcconfig */ = {isa = PBXFileReference; includeInIndex = 1; lastKnownFileType = text.xcconfig; name = "Pods-MovieFlixApps.release.xcconfig"; path = "Target Support Files/Pods-MovieFlixApps/Pods-MovieFlixApps.release.xcconfig"; sourceTree = "<group>"; };
		D3E50ED1B64E0339FE1FBDE7 /* Pods-MovieFlixApps.debug.xcconfig */ = {isa = PBXFileReference; includeInIndex = 1; lastKnownFileType = text.xcconfig; name = "Pods-MovieFlixApps.debug.xcconfig"; path = "Target Support Files/Pods-MovieFlixApps/Pods-MovieFlixApps.debug.xcconfig"; sourceTree = "<group>"; };
/* End PBXFileReference section */

/* Begin PBXFrameworksBuildPhase section */
		048B59162684CE75001A0A71 /* Frameworks */ = {
			isa = PBXFrameworksBuildPhase;
			buildActionMask = 2147483647;
			files = (
				D33968A5CCD6B5A677241CC9 /* Pods_MovieFlixApps.framework in Frameworks */,
			);
			runOnlyForDeploymentPostprocessing = 0;
		};
/* End PBXFrameworksBuildPhase section */

/* Begin PBXGroup section */
		048B59102684CE75001A0A71 = {
			isa = PBXGroup;
			children = (
				048B591B2684CE75001A0A71 /* MovieFlixApps */,
				048B591A2684CE75001A0A71 /* Products */,
				C38F8538315FF411FED563E3 /* Pods */,
				AF0563E3DEDE64AD4AA8C7DE /* Frameworks */,
			);
			sourceTree = "<group>";
		};
		048B591A2684CE75001A0A71 /* Products */ = {
			isa = PBXGroup;
			children = (
				048B59192684CE75001A0A71 /* MovieFlixApps.app */,
			);
			name = Products;
			sourceTree = "<group>";
		};
		048B591B2684CE75001A0A71 /* MovieFlixApps */ = {
			isa = PBXGroup;
			children = (
				048B595D2684F1F7001A0A71 /* Extensions */,
				048B594F2684ECC0001A0A71 /* Constants */,
				048B59462684EB38001A0A71 /* Services */,
				048B59332684CF39001A0A71 /* View */,
				048B59322684CF2D001A0A71 /* ViewModel */,
				048B59312684CF26001A0A71 /* Model */,
				048B591C2684CE75001A0A71 /* AppDelegate.swift */,
				048B591E2684CE75001A0A71 /* SceneDelegate.swift */,
				048B59202684CE75001A0A71 /* ViewController.swift */,
				048B59222684CE75001A0A71 /* Main.storyboard */,
				048B59252684CE79001A0A71 /* Assets.xcassets */,
				048B59272684CE79001A0A71 /* LaunchScreen.storyboard */,
				048B592A2684CE79001A0A71 /* Info.plist */,
			);
			path = MovieFlixApps;
			sourceTree = "<group>";
		};
		048B59312684CF26001A0A71 /* Model */ = {
			isa = PBXGroup;
			children = (
				048B59432684E695001A0A71 /* MovieModel.swift */,
				048B59622684F36B001A0A71 /* PopularModel.swift */,
			);
			path = Model;
			sourceTree = "<group>";
		};
		048B59322684CF2D001A0A71 /* ViewModel */ = {
			isa = PBXGroup;
			children = (
				048B59542684ED8B001A0A71 /* MovieDataViewModel.swift */,
			);
			path = ViewModel;
			sourceTree = "<group>";
		};
		048B59332684CF39001A0A71 /* View */ = {
			isa = PBXGroup;
			children = (
				048B59382684DD33001A0A71 /* Cells */,
				048B59352684D108001A0A71 /* HomeViewController.swift */,
			);
			path = View;
			sourceTree = "<group>";
		};
		048B59382684DD33001A0A71 /* Cells */ = {
			isa = PBXGroup;
			children = (
				048B59392684DD4F001A0A71 /* PopularCollectionViewCell.swift */,
				048B593A2684DD4F001A0A71 /* PopularCollectionViewCell.xib */,
			);
			path = Cells;
			sourceTree = "<group>";
		};
		048B59462684EB38001A0A71 /* Services */ = {
			isa = PBXGroup;
			children = (
				048B59472684EB48001A0A71 /* DataService.swift */,
			);
			path = Services;
			sourceTree = "<group>";
		};
		048B594F2684ECC0001A0A71 /* Constants */ = {
			isa = PBXGroup;
			children = (
				048B59502684ECCF001A0A71 /* ApiConstants.swift */,
			);
			path = Constants;
			sourceTree = "<group>";
		};
		048B595D2684F1F7001A0A71 /* Extensions */ = {
			isa = PBXGroup;
			children = (
				048B597226850ED5001A0A71 /* NSCache+Extensions.swift */,
			);
			path = Extensions;
			sourceTree = "<group>";
		};
		AF0563E3DEDE64AD4AA8C7DE /* Frameworks */ = {
			isa = PBXGroup;
			children = (
				A25B2489F3C3E62269E4F127 /* Pods_MovieFlixApps.framework */,
			);
			name = Frameworks;
			sourceTree = "<group>";
		};
		C38F8538315FF411FED563E3 /* Pods */ = {
			isa = PBXGroup;
			children = (
				D3E50ED1B64E0339FE1FBDE7 /* Pods-MovieFlixApps.debug.xcconfig */,
				BE6F613F9A9B7F5A3A69A980 /* Pods-MovieFlixApps.release.xcconfig */,
			);
			path = Pods;
			sourceTree = "<group>";
		};
/* End PBXGroup section */

/* Begin PBXNativeTarget section */
		048B59182684CE75001A0A71 /* MovieFlixApps */ = {
			isa = PBXNativeTarget;
			buildConfigurationList = 048B592D2684CE79001A0A71 /* Build configuration list for PBXNativeTarget "MovieFlixApps" */;
			buildPhases = (
				36FC3197234EBAEDA0ABE148 /* [CP] Check Pods Manifest.lock */,
				048B59152684CE75001A0A71 /* Sources */,
				048B59162684CE75001A0A71 /* Frameworks */,
				048B59172684CE75001A0A71 /* Resources */,
				B5DB00D5F75D333BB095A4D3 /* [CP] Embed Pods Frameworks */,
			);
			buildRules = (
			);
			dependencies = (
			);
			name = MovieFlixApps;
			productName = MovieFlixApps;
			productReference = 048B59192684CE75001A0A71 /* MovieFlixApps.app */;
			productType = "com.apple.product-type.application";
		};
/* End PBXNativeTarget section */

/* Begin PBXProject section */
		048B59112684CE75001A0A71 /* Project object */ = {
			isa = PBXProject;
			attributes = {
				LastSwiftUpdateCheck = 1240;
				LastUpgradeCheck = 1240;
				TargetAttributes = {
					048B59182684CE75001A0A71 = {
						CreatedOnToolsVersion = 12.4;
					};
				};
			};
			buildConfigurationList = 048B59142684CE75001A0A71 /* Build configuration list for PBXProject "MovieFlixApps" */;
			compatibilityVersion = "Xcode 9.3";
			developmentRegion = en;
			hasScannedForEncodings = 0;
			knownRegions = (
				en,
				Base,
			);
			mainGroup = 048B59102684CE75001A0A71;
			productRefGroup = 048B591A2684CE75001A0A71 /* Products */;
			projectDirPath = "";
			projectRoot = "";
			targets = (
				048B59182684CE75001A0A71 /* MovieFlixApps */,
			);
		};
/* End PBXProject section */

/* Begin PBXResourcesBuildPhase section */
		048B59172684CE75001A0A71 /* Resources */ = {
			isa = PBXResourcesBuildPhase;
			buildActionMask = 2147483647;
			files = (
				048B593C2684DD4F001A0A71 /* PopularCollectionViewCell.xib in Resources */,
				048B59292684CE79001A0A71 /* LaunchScreen.storyboard in Resources */,
				048B59262684CE79001A0A71 /* Assets.xcassets in Resources */,
				048B59242684CE75001A0A71 /* Main.storyboard in Resources */,
			);
			runOnlyForDeploymentPostprocessing = 0;
		};
/* End PBXResourcesBuildPhase section */

/* Begin PBXShellScriptBuildPhase section */
		36FC3197234EBAEDA0ABE148 /* [CP] Check Pods Manifest.lock */ = {
			isa = PBXShellScriptBuildPhase;
			buildActionMask = 2147483647;
			files = (
			);
			inputFileListPaths = (
			);
			inputPaths = (
				"${PODS_PODFILE_DIR_PATH}/Podfile.lock",
				"${PODS_ROOT}/Manifest.lock",
			);
			name = "[CP] Check Pods Manifest.lock";
			outputFileListPaths = (
			);
			outputPaths = (
				"$(DERIVED_FILE_DIR)/Pods-MovieFlixApps-checkManifestLockResult.txt",
			);
			runOnlyForDeploymentPostprocessing = 0;
			shellPath = /bin/sh;
			shellScript = "diff \"${PODS_PODFILE_DIR_PATH}/Podfile.lock\" \"${PODS_ROOT}/Manifest.lock\" > /dev/null\nif [ $? != 0 ] ; then\n    # print error to STDERR\n    echo \"error: The sandbox is not in sync with the Podfile.lock. Run 'pod install' or update your CocoaPods installation.\" >&2\n    exit 1\nfi\n# This output is used by Xcode 'outputs' to avoid re-running this script phase.\necho \"SUCCESS\" > \"${SCRIPT_OUTPUT_FILE_0}\"\n";
			showEnvVarsInLog = 0;
		};
		B5DB00D5F75D333BB095A4D3 /* [CP] Embed Pods Frameworks */ = {
			isa = PBXShellScriptBuildPhase;
			buildActionMask = 2147483647;
			files = (
			);
			inputFileListPaths = (
				"${PODS_ROOT}/Target Support Files/Pods-MovieFlixApps/Pods-MovieFlixApps-frameworks-${CONFIGURATION}-input-files.xcfilelist",
			);
			name = "[CP] Embed Pods Frameworks";
			outputFileListPaths = (
				"${PODS_ROOT}/Target Support Files/Pods-MovieFlixApps/Pods-MovieFlixApps-frameworks-${CONFIGURATION}-output-files.xcfilelist",
			);
			runOnlyForDeploymentPostprocessing = 0;
			shellPath = /bin/sh;
			shellScript = "\"${PODS_ROOT}/Target Support Files/Pods-MovieFlixApps/Pods-MovieFlixApps-frameworks.sh\"\n";
			showEnvVarsInLog = 0;
		};
/* End PBXShellScriptBuildPhase section */

/* Begin PBXSourcesBuildPhase section */
		048B59152684CE75001A0A71 /* Sources */ = {
			isa = PBXSourcesBuildPhase;
			buildActionMask = 2147483647;
			files = (
				048B59442684E695001A0A71 /* MovieModel.swift in Sources */,
				048B59482684EB48001A0A71 /* DataService.swift in Sources */,
				048B59212684CE75001A0A71 /* ViewController.swift in Sources */,
				048B591D2684CE75001A0A71 /* AppDelegate.swift in Sources */,
				048B59512684ECCF001A0A71 /* ApiConstants.swift in Sources */,
				048B593B2684DD4F001A0A71 /* PopularCollectionViewCell.swift in Sources */,
				048B591F2684CE75001A0A71 /* SceneDelegate.swift in Sources */,
				048B59632684F36B001A0A71 /* PopularModel.swift in Sources */,
				048B59362684D108001A0A71 /* HomeViewController.swift in Sources */,
				048B597326850ED5001A0A71 /* NSCache+Extensions.swift in Sources */,
				048B59552684ED8B001A0A71 /* MovieDataViewModel.swift in Sources */,
			);
			runOnlyForDeploymentPostprocessing = 0;
		};
/* End PBXSourcesBuildPhase section */

/* Begin PBXVariantGroup section */
		048B59222684CE75001A0A71 /* Main.storyboard */ = {
			isa = PBXVariantGroup;
			children = (
				048B59232684CE75001A0A71 /* Base */,
			);
			name = Main.storyboard;
			sourceTree = "<group>";
		};
		048B59272684CE79001A0A71 /* LaunchScreen.storyboard */ = {
			isa = PBXVariantGroup;
			children = (
				048B59282684CE79001A0A71 /* Base */,
			);
			name = LaunchScreen.storyboard;
			sourceTree = "<group>";
		};
/* End PBXVariantGroup section */

/* Begin XCBuildConfiguration section */
		048B592B2684CE79001A0A71 /* Debug */ = {
			isa = XCBuildConfiguration;
			buildSettings = {
				ALWAYS_SEARCH_USER_PATHS = NO;
				CLANG_ANALYZER_NONNULL = YES;
				CLANG_ANALYZER_NUMBER_OBJECT_CONVERSION = YES_AGGRESSIVE;
				CLANG_CXX_LANGUAGE_STANDARD = "gnu++14";
				CLANG_CXX_LIBRARY = "libc++";
				CLANG_ENABLE_MODULES = YES;
				CLANG_ENABLE_OBJC_ARC = YES;
				CLANG_ENABLE_OBJC_WEAK = YES;
				CLANG_WARN_BLOCK_CAPTURE_AUTORELEASING = YES;
				CLANG_WARN_BOOL_CONVERSION = YES;
				CLANG_WARN_COMMA = YES;
				CLANG_WARN_CONSTANT_CONVERSION = YES;
				CLANG_WARN_DEPRECATED_OBJC_IMPLEMENTATIONS = YES;
				CLANG_WARN_DIRECT_OBJC_ISA_USAGE = YES_ERROR;
				CLANG_WARN_DOCUMENTATION_COMMENTS = YES;
				CLANG_WARN_EMPTY_BODY = YES;
				CLANG_WARN_ENUM_CONVERSION = YES;
				CLANG_WARN_INFINITE_RECURSION = YES;
				CLANG_WARN_INT_CONVERSION = YES;
				CLANG_WARN_NON_LITERAL_NULL_CONVERSION = YES;
				CLANG_WARN_OBJC_IMPLICIT_RETAIN_SELF = YES;
				CLANG_WARN_OBJC_LITERAL_CONVERSION = YES;
				CLANG_WARN_OBJC_ROOT_CLASS = YES_ERROR;
				CLANG_WARN_QUOTED_INCLUDE_IN_FRAMEWORK_HEADER = YES;
				CLANG_WARN_RANGE_LOOP_ANALYSIS = YES;
				CLANG_WARN_STRICT_PROTOTYPES = YES;
				CLANG_WARN_SUSPICIOUS_MOVE = YES;
				CLANG_WARN_UNGUARDED_AVAILABILITY = YES_AGGRESSIVE;
				CLANG_WARN_UNREACHABLE_CODE = YES;
				CLANG_WARN__DUPLICATE_METHOD_MATCH = YES;
				COPY_PHASE_STRIP = NO;
				DEBUG_INFORMATION_FORMAT = dwarf;
				ENABLE_STRICT_OBJC_MSGSEND = YES;
				ENABLE_TESTABILITY = YES;
				GCC_C_LANGUAGE_STANDARD = gnu11;
				GCC_DYNAMIC_NO_PIC = NO;
				GCC_NO_COMMON_BLOCKS = YES;
				GCC_OPTIMIZATION_LEVEL = 0;
				GCC_PREPROCESSOR_DEFINITIONS = (
					"DEBUG=1",
					"$(inherited)",
				);
				GCC_WARN_64_TO_32_BIT_CONVERSION = YES;
				GCC_WARN_ABOUT_RETURN_TYPE = YES_ERROR;
				GCC_WARN_UNDECLARED_SELECTOR = YES;
				GCC_WARN_UNINITIALIZED_AUTOS = YES_AGGRESSIVE;
				GCC_WARN_UNUSED_FUNCTION = YES;
				GCC_WARN_UNUSED_VARIABLE = YES;
				IPHONEOS_DEPLOYMENT_TARGET = 14.4;
				MTL_ENABLE_DEBUG_INFO = INCLUDE_SOURCE;
				MTL_FAST_MATH = YES;
				ONLY_ACTIVE_ARCH = YES;
				SDKROOT = iphoneos;
				SWIFT_ACTIVE_COMPILATION_CONDITIONS = DEBUG;
				SWIFT_OPTIMIZATION_LEVEL = "-Onone";
			};
			name = Debug;
		};
		048B592C2684CE79001A0A71 /* Release */ = {
			isa = XCBuildConfiguration;
			buildSettings = {
				ALWAYS_SEARCH_USER_PATHS = NO;
				CLANG_ANALYZER_NONNULL = YES;
				CLANG_ANALYZER_NUMBER_OBJECT_CONVERSION = YES_AGGRESSIVE;
				CLANG_CXX_LANGUAGE_STANDARD = "gnu++14";
				CLANG_CXX_LIBRARY = "libc++";
				CLANG_ENABLE_MODULES = YES;
				CLANG_ENABLE_OBJC_ARC = YES;
				CLANG_ENABLE_OBJC_WEAK = YES;
				CLANG_WARN_BLOCK_CAPTURE_AUTORELEASING = YES;
				CLANG_WARN_BOOL_CONVERSION = YES;
				CLANG_WARN_COMMA = YES;
				CLANG_WARN_CONSTANT_CONVERSION = YES;
				CLANG_WARN_DEPRECATED_OBJC_IMPLEMENTATIONS = YES;
				CLANG_WARN_DIRECT_OBJC_ISA_USAGE = YES_ERROR;
				CLANG_WARN_DOCUMENTATION_COMMENTS = YES;
				CLANG_WARN_EMPTY_BODY = YES;
				CLANG_WARN_ENUM_CONVERSION = YES;
				CLANG_WARN_INFINITE_RECURSION = YES;
				CLANG_WARN_INT_CONVERSION = YES;
				CLANG_WARN_NON_LITERAL_NULL_CONVERSION = YES;
				CLANG_WARN_OBJC_IMPLICIT_RETAIN_SELF = YES;
				CLANG_WARN_OBJC_LITERAL_CONVERSION = YES;
				CLANG_WARN_OBJC_ROOT_CLASS = YES_ERROR;
				CLANG_WARN_QUOTED_INCLUDE_IN_FRAMEWORK_HEADER = YES;
				CLANG_WARN_RANGE_LOOP_ANALYSIS = YES;
				CLANG_WARN_STRICT_PROTOTYPES = YES;
				CLANG_WARN_SUSPICIOUS_MOVE = YES;
				CLANG_WARN_UNGUARDED_AVAILABILITY = YES_AGGRESSIVE;
				CLANG_WARN_UNREACHABLE_CODE = YES;
				CLANG_WARN__DUPLICATE_METHOD_MATCH = YES;
				COPY_PHASE_STRIP = NO;
				DEBUG_INFORMATION_FORMAT = "dwarf-with-dsym";
				ENABLE_NS_ASSERTIONS = NO;
				ENABLE_STRICT_OBJC_MSGSEND = YES;
				GCC_C_LANGUAGE_STANDARD = gnu11;
				GCC_NO_COMMON_BLOCKS = YES;
				GCC_WARN_64_TO_32_BIT_CONVERSION = YES;
				GCC_WARN_ABOUT_RETURN_TYPE = YES_ERROR;
				GCC_WARN_UNDECLARED_SELECTOR = YES;
				GCC_WARN_UNINITIALIZED_AUTOS = YES_AGGRESSIVE;
				GCC_WARN_UNUSED_FUNCTION = YES;
				GCC_WARN_UNUSED_VARIABLE = YES;
				IPHONEOS_DEPLOYMENT_TARGET = 14.4;
				MTL_ENABLE_DEBUG_INFO = NO;
				MTL_FAST_MATH = YES;
				SDKROOT = iphoneos;
				SWIFT_COMPILATION_MODE = wholemodule;
				SWIFT_OPTIMIZATION_LEVEL = "-O";
				VALIDATE_PRODUCT = YES;
			};
			name = Release;
		};
		048B592E2684CE79001A0A71 /* Debug */ = {
			isa = XCBuildConfiguration;
			baseConfigurationReference = D3E50ED1B64E0339FE1FBDE7 /* Pods-MovieFlixApps.debug.xcconfig */;
			buildSettings = {
				ASSETCATALOG_COMPILER_APPICON_NAME = AppIcon;
				ASSETCATALOG_COMPILER_GLOBAL_ACCENT_COLOR_NAME = AccentColor;
				CODE_SIGN_STYLE = Automatic;
				DEVELOPMENT_TEAM = ZB7W8B73A3;
				INFOPLIST_FILE = MovieFlixApps/Info.plist;
				LD_RUNPATH_SEARCH_PATHS = (
					"$(inherited)",
					"@executable_path/Frameworks",
				);
				PRODUCT_BUNDLE_IDENTIFIER = com.timobe.MovieFlixApps;
				PRODUCT_NAME = "$(TARGET_NAME)";
				SWIFT_VERSION = 5.0;
				TARGETED_DEVICE_FAMILY = "1,2";
			};
			name = Debug;
		};
		048B592F2684CE79001A0A71 /* Release */ = {
			isa = XCBuildConfiguration;
			baseConfigurationReference = BE6F613F9A9B7F5A3A69A980 /* Pods-MovieFlixApps.release.xcconfig */;
			buildSettings = {
				ASSETCATALOG_COMPILER_APPICON_NAME = AppIcon;
				ASSETCATALOG_COMPILER_GLOBAL_ACCENT_COLOR_NAME = AccentColor;
				CODE_SIGN_STYLE = Automatic;
				DEVELOPMENT_TEAM = ZB7W8B73A3;
				INFOPLIST_FILE = MovieFlixApps/Info.plist;
				LD_RUNPATH_SEARCH_PATHS = (
					"$(inherited)",
					"@executable_path/Frameworks",
				);
				PRODUCT_BUNDLE_IDENTIFIER = com.timobe.MovieFlixApps;
				PRODUCT_NAME = "$(TARGET_NAME)";
				SWIFT_VERSION = 5.0;
				TARGETED_DEVICE_FAMILY = "1,2";
			};
			name = Release;
		};
/* End XCBuildConfiguration section */

/* Begin XCConfigurationList section */
		048B59142684CE75001A0A71 /* Build configuration list for PBXProject "MovieFlixApps" */ = {
			isa = XCConfigurationList;
			buildConfigurations = (
				048B592B2684CE79001A0A71 /* Debug */,
				048B592C2684CE79001A0A71 /* Release */,
			);
			defaultConfigurationIsVisible = 0;
			defaultConfigurationName = Release;
		};
		048B592D2684CE79001A0A71 /* Build configuration list for PBXNativeTarget "MovieFlixApps" */ = {
			isa = XCConfigurationList;
			buildConfigurations = (
				048B592E2684CE79001A0A71 /* Debug */,
				048B592F2684CE79001A0A71 /* Release */,
			);
			defaultConfigurationIsVisible = 0;
			defaultConfigurationName = Release;
		};
/* End XCConfigurationList section */
	};
	rootObject = 048B59112684CE75001A0A71 /* Project object */;
}
